schema: '2.0'
stages:
  data_ingestion:
    cmd: python src/datafile/data_ingestion.py
    deps:
    - path: src/datafile/data_ingestion.py
      hash: md5
      md5: 0c2d57eed32653f00e8e0d420aace98f
      size: 3110
    outs:
    - path: data/external
      hash: md5
      md5: 99e044f0c7bbcb63eaa2ed060e0fe020.dir
      size: 827954
      nfiles: 1
  data_splitting:
    cmd: python src/datafile/data_splitting.py
    deps:
    - path: data/external
      hash: md5
      md5: 99e044f0c7bbcb63eaa2ed060e0fe020.dir
      size: 827954
      nfiles: 1
    - path: src/datafile/data_splitting.py
      hash: md5
      md5: 484b31b123fbd49f0e296047805841fc
      size: 2844
    params:
      params.yaml:
        data_splitting.test_size: 0.5
    outs:
    - path: data/raw
      hash: md5
      md5: 172da3aaf5b99cfdf8d7a54e393fe76a.dir
      size: 827973
      nfiles: 2
  data_preprocessing:
    cmd: python src/datafile/data_preprocessing.py
    deps:
    - path: data/raw
      hash: md5
      md5: 172da3aaf5b99cfdf8d7a54e393fe76a.dir
      size: 827973
      nfiles: 2
    - path: src/datafile/data_ingestion.py
      hash: md5
      md5: 0c2d57eed32653f00e8e0d420aace98f
      size: 3110
    outs:
    - path: data/processed
      hash: md5
      md5: 72b95827a294f0c8ae0244f820c917aa.dir
      size: 567114
      nfiles: 2
  feature_engineering:
    cmd: python src/features/feature_engineering.py
    deps:
    - path: data/processed
      hash: md5
      md5: 72b95827a294f0c8ae0244f820c917aa.dir
      size: 567114
      nfiles: 2
    - path: src/features/feature_engineering.py
      hash: md5
      md5: 8668e4aa13d6463d72c6772dfac7df0f
      size: 4067
    params:
      params.yaml:
        feature_engineering.max_features: 50
    outs:
    - path: data/features
      hash: md5
      md5: c3f98959196a6c8b52f0e7702aa3a9ad.dir
      size: 2327899
      nfiles: 2
    - path: models/vectorizer.pkl
      hash: md5
      md5: 72d47bb7ae67450e4e7b9627a4ca5bdd
      size: 2274
  model_building:
    cmd: python src/model/model_building.py
    deps:
    - path: data/features
      hash: md5
      md5: c3f98959196a6c8b52f0e7702aa3a9ad.dir
      size: 2327899
      nfiles: 2
    - path: src/model/model_building.py
      hash: md5
      md5: cf06459004215a8b3a2d8370214d0393
      size: 3273
    params:
      params.yaml:
        model_building.learning_rate: 0.001
        model_building.n_estimators: 5
    outs:
    - path: models/model.pkl
      hash: md5
      md5: 3ed7564db2e746c1c1bbf6831a966958
      size: 1441
  model_evaluation:
    cmd: python src/model/model_evaluation.py
    deps:
    - path: models
      hash: md5
      md5: 5070a7ceb9b949a3eafa8eed447a60da.dir
      size: 3744
      nfiles: 3
    - path: src/model/model_evaluation.py
      hash: md5
      md5: ec26673bd6d95b4f70a22e73956ed086
      size: 6846
    outs:
    - path: reports/experiment_info.json
      hash: md5
      md5: ba60f717e36ea26cc9bd0d2dbb3641da
      size: 82
  register_model:
    cmd: python src/model/register_model.py
    deps:
    - path: reports/experiment_info.json
      hash: md5
      md5: ba60f717e36ea26cc9bd0d2dbb3641da
      size: 82
    - path: src/model/register_model.py
      hash: md5
      md5: 0533bdc50ab4a00b9d378e972007c9c3
      size: 3856
